
Microsoft Visual Studio Solution File, Format Version 12.00
# Visual Studio Version 17
VisualStudioVersion = 17.0.31903.59
MinimumVisualStudioVersion = 10.0.40219.1
Project("{9A19103F-16F7-4668-BE54-9A1E7A4F7556}") = "Task1", "Task1\Task1.csproj", "{A84D0534-D369-492C-99AE-4AC1678DE234}"
EndProject
Project("{FAE04EC0-301F-11D3-BF4B-00C04F79EFBC}") = "Task2", "Task2\Task2.csproj", "{F4E37761-AEDE-4D5A-ADBB-B993C5CF11AC}"
EndProject
Project("{FAE04EC0-301F-11D3-BF4B-00C04F79EFBC}") = "Task3", "Task3\Task3.csproj", "{D5BF73BC-739A-4716-95FD-A5BB7AC83F86}"
EndProject
Global
	GlobalSection(SolutionConfigurationPlatforms) = preSolution
		Debug|Any CPU = Debug|Any CPU
		Release|Any CPU = Release|Any CPU
	EndGlobalSection
	GlobalSection(ProjectConfigurationPlatforms) = postSolution
		{A84D0534-D369-492C-99AE-4AC1678DE234}.Debug|Any CPU.ActiveCfg = Debug|Any CPU
		{A84D0534-D369-492C-99AE-4AC1678DE234}.Debug|Any CPU.Build.0 = Debug|Any CPU
		{A84D0534-D369-492C-99AE-4AC1678DE234}.Release|Any CPU.ActiveCfg = Release|Any CPU
		{A84D0534-D369-492C-99AE-4AC1678DE234}.Release|Any CPU.Build.0 = Release|Any CPU
		{F4E37761-AEDE-4D5A-ADBB-B993C5CF11AC}.Debug|Any CPU.ActiveCfg = Debug|Any CPU
		{F4E37761-AEDE-4D5A-ADBB-B993C5CF11AC}.Debug|Any CPU.Build.0 = Debug|Any CPU
		{F4E37761-AEDE-4D5A-ADBB-B993C5CF11AC}.Release|Any CPU.ActiveCfg = Release|Any CPU
		{F4E37761-AEDE-4D5A-ADBB-B993C5CF11AC}.Release|Any CPU.Build.0 = Release|Any CPU
		{D5BF73BC-739A-4716-95FD-A5BB7AC83F86}.Debug|Any CPU.ActiveCfg = Debug|Any CPU
		{D5BF73BC-739A-4716-95FD-A5BB7AC83F86}.Debug|Any CPU.Build.0 = Debug|Any CPU
		{D5BF73BC-739A-4716-95FD-A5BB7AC83F86}.Release|Any CPU.ActiveCfg = Release|Any CPU
		{D5BF73BC-739A-4716-95FD-A5BB7AC83F86}.Release|Any CPU.Build.0 = Release|Any CPU
	EndGlobalSection
	GlobalSection(SolutionProperties) = preSolution
		HideSolutionNode = FALSE
	EndGlobalSection
	GlobalSection(ExtensibilityGlobals) = postSolution
		SolutionGuid = {EC8706E4-FC81-4B3A-8F55-B6585D544694}
	EndGlobalSection
EndGlobal
